
Microsoft Visual Studio Solution File, Format Version 12.00
# Visual Studio Version 17
VisualStudioVersion = 17.5.33424.131
MinimumVisualStudioVersion = 10.0.40219.1
Project("{FAE04EC0-301F-11D3-BF4B-00C04F79EFBC}") = "EntityLayer", "EntityLayer\EntityLayer.csproj", "{11222895-0A16-462F-997A-37E3ECBA3F64}"
EndProject
Project("{FAE04EC0-301F-11D3-BF4B-00C04F79EFBC}") = "DataAccessLayer", "DataAccessLayer\DataAccessLayer.csproj", "{C7BFCF20-2210-457A-B6DC-79D7ED6E6362}"
EndProject
Project("{FAE04EC0-301F-11D3-BF4B-00C04F79EFBC}") = "BusinessLayer", "BusinessLayer\BusinessLayer.csproj", "{18A38308-85E7-412B-B141-4635BAD32457}"
EndProject
Project("{FAE04EC0-301F-11D3-BF4B-00C04F79EFBC}") = "Core", "Core\Core.csproj", "{567C13B8-A03E-4082-A0D7-D45280486F53}"
EndProject
Project("{FAE04EC0-301F-11D3-BF4B-00C04F79EFBC}") = "UILayer", "UILayer\UILayer.csproj", "{74D7347C-8050-4B71-A61F-AF49EF13834B}"
EndProject
Global
	GlobalSection(SolutionConfigurationPlatforms) = preSolution
		Debug|Any CPU = Debug|Any CPU
		Release|Any CPU = Release|Any CPU
	EndGlobalSection
	GlobalSection(ProjectConfigurationPlatforms) = postSolution
		{11222895-0A16-462F-997A-37E3ECBA3F64}.Debug|Any CPU.ActiveCfg = Debug|Any CPU
		{11222895-0A16-462F-997A-37E3ECBA3F64}.Debug|Any CPU.Build.0 = Debug|Any CPU
		{11222895-0A16-462F-997A-37E3ECBA3F64}.Release|Any CPU.ActiveCfg = Release|Any CPU
		{11222895-0A16-462F-997A-37E3ECBA3F64}.Release|Any CPU.Build.0 = Release|Any CPU
		{C7BFCF20-2210-457A-B6DC-79D7ED6E6362}.Debug|Any CPU.ActiveCfg = Debug|Any CPU
		{C7BFCF20-2210-457A-B6DC-79D7ED6E6362}.Debug|Any CPU.Build.0 = Debug|Any CPU
		{C7BFCF20-2210-457A-B6DC-79D7ED6E6362}.Release|Any CPU.ActiveCfg = Release|Any CPU
		{C7BFCF20-2210-457A-B6DC-79D7ED6E6362}.Release|Any CPU.Build.0 = Release|Any CPU
		{18A38308-85E7-412B-B141-4635BAD32457}.Debug|Any CPU.ActiveCfg = Debug|Any CPU
		{18A38308-85E7-412B-B141-4635BAD32457}.Debug|Any CPU.Build.0 = Debug|Any CPU
		{18A38308-85E7-412B-B141-4635BAD32457}.Release|Any CPU.ActiveCfg = Release|Any CPU
		{18A38308-85E7-412B-B141-4635BAD32457}.Release|Any CPU.Build.0 = Release|Any CPU
		{567C13B8-A03E-4082-A0D7-D45280486F53}.Debug|Any CPU.ActiveCfg = Debug|Any CPU
		{567C13B8-A03E-4082-A0D7-D45280486F53}.Debug|Any CPU.Build.0 = Debug|Any CPU
		{567C13B8-A03E-4082-A0D7-D45280486F53}.Release|Any CPU.ActiveCfg = Release|Any CPU
		{567C13B8-A03E-4082-A0D7-D45280486F53}.Release|Any CPU.Build.0 = Release|Any CPU
		{74D7347C-8050-4B71-A61F-AF49EF13834B}.Debug|Any CPU.ActiveCfg = Debug|Any CPU
		{74D7347C-8050-4B71-A61F-AF49EF13834B}.Debug|Any CPU.Build.0 = Debug|Any CPU
		{74D7347C-8050-4B71-A61F-AF49EF13834B}.Release|Any CPU.ActiveCfg = Release|Any CPU
		{74D7347C-8050-4B71-A61F-AF49EF13834B}.Release|Any CPU.Build.0 = Release|Any CPU
	EndGlobalSection
	GlobalSection(SolutionProperties) = preSolution
		HideSolutionNode = FALSE
	EndGlobalSection
	GlobalSection(ExtensibilityGlobals) = postSolution
		SolutionGuid = {A50CE2CC-71A0-4AF4-9053-B93F3B2127C6}
	EndGlobalSection
EndGlobal
